
Microsoft Visual Studio Solution File, Format Version 12.00
# Visual Studio Version 17
VisualStudioVersion = 17.6.33723.286
MinimumVisualStudioVersion = 10.0.40219.1
Project("{FAE04EC0-301F-11D3-BF4B-00C04F79EFBC}") = "BasherBlog.WebUI", "BasherBlog.WebUI\BasherBlog.WebUI.csproj", "{DE2C2E06-C993-4DE1-B9D4-60600C7F0585}"
EndProject
Project("{FAE04EC0-301F-11D3-BF4B-00C04F79EFBC}") = "BasherBlog.Models", "BasherBlog.Models\BasherBlog.Models.csproj", "{BC9FB380-37F4-48E7-A047-F79B8B021E1E}"
EndProject
Project("{FAE04EC0-301F-11D3-BF4B-00C04F79EFBC}") = "BasherBlog.Data", "BasherBlog.Data\BasherBlog.Data.csproj", "{E161881F-F120-4189-95C1-2CD5FCE3C2E2}"
EndProject
Project("{FAE04EC0-301F-11D3-BF4B-00C04F79EFBC}") = "BasherBlog.Helper", "BasherBlog.Helper\BasherBlog.Helper.csproj", "{4B404FA5-6149-4A66-8946-5FAB5640CC54}"
EndProject
Project("{FAE04EC0-301F-11D3-BF4B-00C04F79EFBC}") = "BasherBlog.Repository", "BasherBlog.Repository\BasherBlog.Repository.csproj", "{3FE70392-3240-4E3F-94FD-DEFE8AA57F97}"
EndProject
Global
	GlobalSection(SolutionConfigurationPlatforms) = preSolution
		Debug|Any CPU = Debug|Any CPU
		Release|Any CPU = Release|Any CPU
	EndGlobalSection
	GlobalSection(ProjectConfigurationPlatforms) = postSolution
		{DE2C2E06-C993-4DE1-B9D4-60600C7F0585}.Debug|Any CPU.ActiveCfg = Debug|Any CPU
		{DE2C2E06-C993-4DE1-B9D4-60600C7F0585}.Debug|Any CPU.Build.0 = Debug|Any CPU
		{DE2C2E06-C993-4DE1-B9D4-60600C7F0585}.Release|Any CPU.ActiveCfg = Release|Any CPU
		{DE2C2E06-C993-4DE1-B9D4-60600C7F0585}.Release|Any CPU.Build.0 = Release|Any CPU
		{BC9FB380-37F4-48E7-A047-F79B8B021E1E}.Debug|Any CPU.ActiveCfg = Debug|Any CPU
		{BC9FB380-37F4-48E7-A047-F79B8B021E1E}.Debug|Any CPU.Build.0 = Debug|Any CPU
		{BC9FB380-37F4-48E7-A047-F79B8B021E1E}.Release|Any CPU.ActiveCfg = Release|Any CPU
		{BC9FB380-37F4-48E7-A047-F79B8B021E1E}.Release|Any CPU.Build.0 = Release|Any CPU
		{E161881F-F120-4189-95C1-2CD5FCE3C2E2}.Debug|Any CPU.ActiveCfg = Debug|Any CPU
		{E161881F-F120-4189-95C1-2CD5FCE3C2E2}.Debug|Any CPU.Build.0 = Debug|Any CPU
		{E161881F-F120-4189-95C1-2CD5FCE3C2E2}.Release|Any CPU.ActiveCfg = Release|Any CPU
		{E161881F-F120-4189-95C1-2CD5FCE3C2E2}.Release|Any CPU.Build.0 = Release|Any CPU
		{4B404FA5-6149-4A66-8946-5FAB5640CC54}.Debug|Any CPU.ActiveCfg = Debug|Any CPU
		{4B404FA5-6149-4A66-8946-5FAB5640CC54}.Debug|Any CPU.Build.0 = Debug|Any CPU
		{4B404FA5-6149-4A66-8946-5FAB5640CC54}.Release|Any CPU.ActiveCfg = Release|Any CPU
		{4B404FA5-6149-4A66-8946-5FAB5640CC54}.Release|Any CPU.Build.0 = Release|Any CPU
		{3FE70392-3240-4E3F-94FD-DEFE8AA57F97}.Debug|Any CPU.ActiveCfg = Debug|Any CPU
		{3FE70392-3240-4E3F-94FD-DEFE8AA57F97}.Debug|Any CPU.Build.0 = Debug|Any CPU
		{3FE70392-3240-4E3F-94FD-DEFE8AA57F97}.Release|Any CPU.ActiveCfg = Release|Any CPU
		{3FE70392-3240-4E3F-94FD-DEFE8AA57F97}.Release|Any CPU.Build.0 = Release|Any CPU
	EndGlobalSection
	GlobalSection(SolutionProperties) = preSolution
		HideSolutionNode = FALSE
	EndGlobalSection
	GlobalSection(ExtensibilityGlobals) = postSolution
		SolutionGuid = {1EA34F14-CDB6-4F1C-96BE-F8509D0EB3FE}
	EndGlobalSection
EndGlobal
